
Microsoft Visual Studio Solution File, Format Version 12.00
# Visual Studio Version 17
VisualStudioVersion = 17.12.35707.178
MinimumVisualStudioVersion = 10.0.40219.1
Project("{8BC9CEB8-8B4A-11D0-8D11-00A0C91BC942}") = "practice01", "practice\practice01\practice01.vcxproj", "{777F8446-BCA9-484B-AECB-042DB9364D6E}"
EndProject
Project("{8BC9CEB8-8B4A-11D0-8D11-00A0C91BC942}") = "practice02", "practice\practice02\practice02.vcxproj", "{E46CE1E8-FE49-4BBB-A824-F95C89D29E3C}"
EndProject
Project("{8BC9CEB8-8B4A-11D0-8D11-00A0C91BC942}") = "practice03", "practice\practice03\practice03.vcxproj", "{0E4E90DF-304F-4ED8-A8B8-BD15D1C88D8D}"
EndProject
Project("{8BC9CEB8-8B4A-11D0-8D11-00A0C91BC942}") = "practice03_test", "tests\practice03_test\practice03_test.vcxproj", "{3B562808-4FF2-4F1B-A953-28F98A3F986B}"
EndProject
Project("{8BC9CEB8-8B4A-11D0-8D11-00A0C91BC942}") = "project01", "projects\project01\project01.vcxproj", "{9C0A1715-5EA2-4273-9DFF-68687DC854AF}"
EndProject
Project("{8BC9CEB8-8B4A-11D0-8D11-00A0C91BC942}") = "practice04_1a", "practice\practice04\practice04_1a\practice04_1a.vcxproj", "{2E2633E8-D733-4A6F-8BB3-84DD6F3C2FC8}"
EndProject
Project("{8BC9CEB8-8B4A-11D0-8D11-00A0C91BC942}") = "practice04_2a", "practice\practice04\practice04_2a\practice04_2a.vcxproj", "{748BFA80-2EF7-4FD1-963D-29A4D7C56E45}"
EndProject
Project("{8BC9CEB8-8B4A-11D0-8D11-00A0C91BC942}") = "practice04_3a", "practice\practice04\practice04_3a\practice04_3a.vcxproj", "{550EA308-5CEE-424A-BAF1-E2B15AF762F9}"
EndProject
Project("{2150E333-8FDC-42A3-9474-1A3956D46DE8}") = "practice04", "practice04", "{02EA681E-C7D8-13C7-8484-4AC65E1B71E8}"
EndProject
Project("{8BC9CEB8-8B4A-11D0-8D11-00A0C91BC942}") = "practice05_1b", "practice\practice05\practice05_1b\practice05_1b.vcxproj", "{BDDCACD5-4121-4EA3-B25E-E91C760DD96F}"
EndProject
Project("{8BC9CEB8-8B4A-11D0-8D11-00A0C91BC942}") = "practice05_2b", "practice\practice05\practice05_2b\practice05_2b.vcxproj", "{80D860D6-D429-4B8F-ABA1-76A94187B98F}"
EndProject
Project("{8BC9CEB8-8B4A-11D0-8D11-00A0C91BC942}") = "practice05_3a", "practice\practice05\practice05_3a\practice05_3a.vcxproj", "{29C4B3EF-B2BF-4C4D-BBE8-AB052E9EFE32}"
EndProject
Project("{2150E333-8FDC-42A3-9474-1A3956D46DE8}") = "practice05", "practice05", "{B26D2996-CA78-4F45-95E9-3A3E98850CF1}"
EndProject
Project("{8BC9CEB8-8B4A-11D0-8D11-00A0C91BC942}") = "practice06", "practice\practice06\practice06.vcxproj", "{71D2F9C2-9E90-4EA7-B569-98AFA6056872}"
EndProject
Project("{8BC9CEB8-8B4A-11D0-8D11-00A0C91BC942}") = "practice07", "practice\practice07\practice07.vcxproj", "{47AF70D2-6FBA-4AA8-84E7-0CC78FEB1485}"
EndProject
Project("{8BC9CEB8-8B4A-11D0-8D11-00A0C91BC942}") = "project02", "projects\project02\project02.vcxproj", "{A19BEDC4-9361-477E-BED1-6FDB9C1ADCC3}"
EndProject
Project("{8BC9CEB8-8B4A-11D0-8D11-00A0C91BC942}") = "prompt1", "practice\practice09\prompt1\prompt1.vcxproj", "{47733D08-6E3D-465E-8A05-3082A0FB4DEA}"
EndProject
Project("{8BC9CEB8-8B4A-11D0-8D11-00A0C91BC942}") = "prompt2", "practice\practice09\prompt2\prompt2.vcxproj", "{2EF9D49A-D6B6-4CF1-B71D-0F5121DFDC27}"
EndProject
Project("{2150E333-8FDC-42A3-9474-1A3956D46DE8}") = "practice09", "practice09", "{B5E72B39-7F8A-4DD7-9A35-7306C4DBFCBE}"
EndProject
Global
	GlobalSection(SolutionConfigurationPlatforms) = preSolution
		Debug|x64 = Debug|x64
		Debug|x86 = Debug|x86
		Release|x64 = Release|x64
		Release|x86 = Release|x86
	EndGlobalSection
	GlobalSection(ProjectConfigurationPlatforms) = postSolution
		{777F8446-BCA9-484B-AECB-042DB9364D6E}.Debug|x64.ActiveCfg = Debug|x64
		{777F8446-BCA9-484B-AECB-042DB9364D6E}.Debug|x64.Build.0 = Debug|x64
		{777F8446-BCA9-484B-AECB-042DB9364D6E}.Debug|x86.ActiveCfg = Debug|Win32
		{777F8446-BCA9-484B-AECB-042DB9364D6E}.Debug|x86.Build.0 = Debug|Win32
		{777F8446-BCA9-484B-AECB-042DB9364D6E}.Release|x64.ActiveCfg = Release|x64
		{777F8446-BCA9-484B-AECB-042DB9364D6E}.Release|x64.Build.0 = Release|x64
		{777F8446-BCA9-484B-AECB-042DB9364D6E}.Release|x86.ActiveCfg = Release|Win32
		{777F8446-BCA9-484B-AECB-042DB9364D6E}.Release|x86.Build.0 = Release|Win32
		{E46CE1E8-FE49-4BBB-A824-F95C89D29E3C}.Debug|x64.ActiveCfg = Debug|x64
		{E46CE1E8-FE49-4BBB-A824-F95C89D29E3C}.Debug|x64.Build.0 = Debug|x64
		{E46CE1E8-FE49-4BBB-A824-F95C89D29E3C}.Debug|x86.ActiveCfg = Debug|Win32
		{E46CE1E8-FE49-4BBB-A824-F95C89D29E3C}.Debug|x86.Build.0 = Debug|Win32
		{E46CE1E8-FE49-4BBB-A824-F95C89D29E3C}.Release|x64.ActiveCfg = Release|x64
		{E46CE1E8-FE49-4BBB-A824-F95C89D29E3C}.Release|x64.Build.0 = Release|x64
		{E46CE1E8-FE49-4BBB-A824-F95C89D29E3C}.Release|x86.ActiveCfg = Release|Win32
		{E46CE1E8-FE49-4BBB-A824-F95C89D29E3C}.Release|x86.Build.0 = Release|Win32
		{0E4E90DF-304F-4ED8-A8B8-BD15D1C88D8D}.Debug|x64.ActiveCfg = Debug|x64
		{0E4E90DF-304F-4ED8-A8B8-BD15D1C88D8D}.Debug|x64.Build.0 = Debug|x64
		{0E4E90DF-304F-4ED8-A8B8-BD15D1C88D8D}.Debug|x86.ActiveCfg = Debug|Win32
		{0E4E90DF-304F-4ED8-A8B8-BD15D1C88D8D}.Debug|x86.Build.0 = Debug|Win32
		{0E4E90DF-304F-4ED8-A8B8-BD15D1C88D8D}.Release|x64.ActiveCfg = Release|x64
		{0E4E90DF-304F-4ED8-A8B8-BD15D1C88D8D}.Release|x64.Build.0 = Release|x64
		{0E4E90DF-304F-4ED8-A8B8-BD15D1C88D8D}.Release|x86.ActiveCfg = Release|Win32
		{0E4E90DF-304F-4ED8-A8B8-BD15D1C88D8D}.Release|x86.Build.0 = Release|Win32
		{3B562808-4FF2-4F1B-A953-28F98A3F986B}.Debug|x64.ActiveCfg = Debug|x64
		{3B562808-4FF2-4F1B-A953-28F98A3F986B}.Debug|x64.Build.0 = Debug|x64
		{3B562808-4FF2-4F1B-A953-28F98A3F986B}.Debug|x86.ActiveCfg = Debug|Win32
		{3B562808-4FF2-4F1B-A953-28F98A3F986B}.Debug|x86.Build.0 = Debug|Win32
		{3B562808-4FF2-4F1B-A953-28F98A3F986B}.Release|x64.ActiveCfg = Release|x64
		{3B562808-4FF2-4F1B-A953-28F98A3F986B}.Release|x64.Build.0 = Release|x64
		{3B562808-4FF2-4F1B-A953-28F98A3F986B}.Release|x86.ActiveCfg = Release|Win32
		{3B562808-4FF2-4F1B-A953-28F98A3F986B}.Release|x86.Build.0 = Release|Win32
		{9C0A1715-5EA2-4273-9DFF-68687DC854AF}.Debug|x64.ActiveCfg = Debug|x64
		{9C0A1715-5EA2-4273-9DFF-68687DC854AF}.Debug|x64.Build.0 = Debug|x64
		{9C0A1715-5EA2-4273-9DFF-68687DC854AF}.Debug|x86.ActiveCfg = Debug|Win32
		{9C0A1715-5EA2-4273-9DFF-68687DC854AF}.Debug|x86.Build.0 = Debug|Win32
		{9C0A1715-5EA2-4273-9DFF-68687DC854AF}.Release|x64.ActiveCfg = Release|x64
		{9C0A1715-5EA2-4273-9DFF-68687DC854AF}.Release|x64.Build.0 = Release|x64
		{9C0A1715-5EA2-4273-9DFF-68687DC854AF}.Release|x86.ActiveCfg = Release|Win32
		{9C0A1715-5EA2-4273-9DFF-68687DC854AF}.Release|x86.Build.0 = Release|Win32
		{2E2633E8-D733-4A6F-8BB3-84DD6F3C2FC8}.Debug|x64.ActiveCfg = Debug|x64
		{2E2633E8-D733-4A6F-8BB3-84DD6F3C2FC8}.Debug|x64.Build.0 = Debug|x64
		{2E2633E8-D733-4A6F-8BB3-84DD6F3C2FC8}.Debug|x86.ActiveCfg = Debug|Win32
		{2E2633E8-D733-4A6F-8BB3-84DD6F3C2FC8}.Debug|x86.Build.0 = Debug|Win32
		{2E2633E8-D733-4A6F-8BB3-84DD6F3C2FC8}.Release|x64.ActiveCfg = Release|x64
		{2E2633E8-D733-4A6F-8BB3-84DD6F3C2FC8}.Release|x64.Build.0 = Release|x64
		{2E2633E8-D733-4A6F-8BB3-84DD6F3C2FC8}.Release|x86.ActiveCfg = Release|Win32
		{2E2633E8-D733-4A6F-8BB3-84DD6F3C2FC8}.Release|x86.Build.0 = Release|Win32
		{748BFA80-2EF7-4FD1-963D-29A4D7C56E45}.Debug|x64.ActiveCfg = Debug|x64
		{748BFA80-2EF7-4FD1-963D-29A4D7C56E45}.Debug|x64.Build.0 = Debug|x64
		{748BFA80-2EF7-4FD1-963D-29A4D7C56E45}.Debug|x86.ActiveCfg = Debug|Win32
		{748BFA80-2EF7-4FD1-963D-29A4D7C56E45}.Debug|x86.Build.0 = Debug|Win32
		{748BFA80-2EF7-4FD1-963D-29A4D7C56E45}.Release|x64.ActiveCfg = Release|x64
		{748BFA80-2EF7-4FD1-963D-29A4D7C56E45}.Release|x64.Build.0 = Release|x64
		{748BFA80-2EF7-4FD1-963D-29A4D7C56E45}.Release|x86.ActiveCfg = Release|Win32
		{748BFA80-2EF7-4FD1-963D-29A4D7C56E45}.Release|x86.Build.0 = Release|Win32
		{550EA308-5CEE-424A-BAF1-E2B15AF762F9}.Debug|x64.ActiveCfg = Debug|x64
		{550EA308-5CEE-424A-BAF1-E2B15AF762F9}.Debug|x64.Build.0 = Debug|x64
		{550EA308-5CEE-424A-BAF1-E2B15AF762F9}.Debug|x86.ActiveCfg = Debug|Win32
		{550EA308-5CEE-424A-BAF1-E2B15AF762F9}.Debug|x86.Build.0 = Debug|Win32
		{550EA308-5CEE-424A-BAF1-E2B15AF762F9}.Release|x64.ActiveCfg = Release|x64
		{550EA308-5CEE-424A-BAF1-E2B15AF762F9}.Release|x64.Build.0 = Release|x64
		{550EA308-5CEE-424A-BAF1-E2B15AF762F9}.Release|x86.ActiveCfg = Release|Win32
		{550EA308-5CEE-424A-BAF1-E2B15AF762F9}.Release|x86.Build.0 = Release|Win32
		{BDDCACD5-4121-4EA3-B25E-E91C760DD96F}.Debug|x64.ActiveCfg = Debug|x64
		{BDDCACD5-4121-4EA3-B25E-E91C760DD96F}.Debug|x64.Build.0 = Debug|x64
		{BDDCACD5-4121-4EA3-B25E-E91C760DD96F}.Debug|x86.ActiveCfg = Debug|Win32
		{BDDCACD5-4121-4EA3-B25E-E91C760DD96F}.Debug|x86.Build.0 = Debug|Win32
		{BDDCACD5-4121-4EA3-B25E-E91C760DD96F}.Release|x64.ActiveCfg = Release|x64
		{BDDCACD5-4121-4EA3-B25E-E91C760DD96F}.Release|x64.Build.0 = Release|x64
		{BDDCACD5-4121-4EA3-B25E-E91C760DD96F}.Release|x86.ActiveCfg = Release|Win32
		{BDDCACD5-4121-4EA3-B25E-E91C760DD96F}.Release|x86.Build.0 = Release|Win32
		{80D860D6-D429-4B8F-ABA1-76A94187B98F}.Debug|x64.ActiveCfg = Debug|x64
		{80D860D6-D429-4B8F-ABA1-76A94187B98F}.Debug|x64.Build.0 = Debug|x64
		{80D860D6-D429-4B8F-ABA1-76A94187B98F}.Debug|x86.ActiveCfg = Debug|Win32
		{80D860D6-D429-4B8F-ABA1-76A94187B98F}.Debug|x86.Build.0 = Debug|Win32
		{80D860D6-D429-4B8F-ABA1-76A94187B98F}.Release|x64.ActiveCfg = Release|x64
		{80D860D6-D429-4B8F-ABA1-76A94187B98F}.Release|x64.Build.0 = Release|x64
		{80D860D6-D429-4B8F-ABA1-76A94187B98F}.Release|x86.ActiveCfg = Release|Win32
		{80D860D6-D429-4B8F-ABA1-76A94187B98F}.Release|x86.Build.0 = Release|Win32
		{29C4B3EF-B2BF-4C4D-BBE8-AB052E9EFE32}.Debug|x64.ActiveCfg = Debug|x64
		{29C4B3EF-B2BF-4C4D-BBE8-AB052E9EFE32}.Debug|x64.Build.0 = Debug|x64
		{29C4B3EF-B2BF-4C4D-BBE8-AB052E9EFE32}.Debug|x86.ActiveCfg = Debug|Win32
		{29C4B3EF-B2BF-4C4D-BBE8-AB052E9EFE32}.Debug|x86.Build.0 = Debug|Win32
		{29C4B3EF-B2BF-4C4D-BBE8-AB052E9EFE32}.Release|x64.ActiveCfg = Release|x64
		{29C4B3EF-B2BF-4C4D-BBE8-AB052E9EFE32}.Release|x64.Build.0 = Release|x64
		{29C4B3EF-B2BF-4C4D-BBE8-AB052E9EFE32}.Release|x86.ActiveCfg = Release|Win32
		{29C4B3EF-B2BF-4C4D-BBE8-AB052E9EFE32}.Release|x86.Build.0 = Release|Win32
		{71D2F9C2-9E90-4EA7-B569-98AFA6056872}.Debug|x64.ActiveCfg = Debug|x64
		{71D2F9C2-9E90-4EA7-B569-98AFA6056872}.Debug|x64.Build.0 = Debug|x64
		{71D2F9C2-9E90-4EA7-B569-98AFA6056872}.Debug|x86.ActiveCfg = Debug|Win32
		{71D2F9C2-9E90-4EA7-B569-98AFA6056872}.Debug|x86.Build.0 = Debug|Win32
		{71D2F9C2-9E90-4EA7-B569-98AFA6056872}.Release|x64.ActiveCfg = Release|x64
		{71D2F9C2-9E90-4EA7-B569-98AFA6056872}.Release|x64.Build.0 = Release|x64
		{71D2F9C2-9E90-4EA7-B569-98AFA6056872}.Release|x86.ActiveCfg = Release|Win32
		{71D2F9C2-9E90-4EA7-B569-98AFA6056872}.Release|x86.Build.0 = Release|Win32
		{47AF70D2-6FBA-4AA8-84E7-0CC78FEB1485}.Debug|x64.ActiveCfg = Debug|x64
		{47AF70D2-6FBA-4AA8-84E7-0CC78FEB1485}.Debug|x64.Build.0 = Debug|x64
		{47AF70D2-6FBA-4AA8-84E7-0CC78FEB1485}.Debug|x86.ActiveCfg = Debug|Win32
		{47AF70D2-6FBA-4AA8-84E7-0CC78FEB1485}.Debug|x86.Build.0 = Debug|Win32
		{47AF70D2-6FBA-4AA8-84E7-0CC78FEB1485}.Release|x64.ActiveCfg = Release|x64
		{47AF70D2-6FBA-4AA8-84E7-0CC78FEB1485}.Release|x64.Build.0 = Release|x64
		{47AF70D2-6FBA-4AA8-84E7-0CC78FEB1485}.Release|x86.ActiveCfg = Release|Win32
		{47AF70D2-6FBA-4AA8-84E7-0CC78FEB1485}.Release|x86.Build.0 = Release|Win32
		{A19BEDC4-9361-477E-BED1-6FDB9C1ADCC3}.Debug|x64.ActiveCfg = Debug|x64
		{A19BEDC4-9361-477E-BED1-6FDB9C1ADCC3}.Debug|x64.Build.0 = Debug|x64
		{A19BEDC4-9361-477E-BED1-6FDB9C1ADCC3}.Debug|x86.ActiveCfg = Debug|Win32
		{A19BEDC4-9361-477E-BED1-6FDB9C1ADCC3}.Debug|x86.Build.0 = Debug|Win32
		{A19BEDC4-9361-477E-BED1-6FDB9C1ADCC3}.Release|x64.ActiveCfg = Release|x64
		{A19BEDC4-9361-477E-BED1-6FDB9C1ADCC3}.Release|x64.Build.0 = Release|x64
		{A19BEDC4-9361-477E-BED1-6FDB9C1ADCC3}.Release|x86.ActiveCfg = Release|Win32
		{A19BEDC4-9361-477E-BED1-6FDB9C1ADCC3}.Release|x86.Build.0 = Release|Win32
		{47733D08-6E3D-465E-8A05-3082A0FB4DEA}.Debug|x64.ActiveCfg = Debug|x64
		{47733D08-6E3D-465E-8A05-3082A0FB4DEA}.Debug|x64.Build.0 = Debug|x64
		{47733D08-6E3D-465E-8A05-3082A0FB4DEA}.Debug|x86.ActiveCfg = Debug|Win32
		{47733D08-6E3D-465E-8A05-3082A0FB4DEA}.Debug|x86.Build.0 = Debug|Win32
		{47733D08-6E3D-465E-8A05-3082A0FB4DEA}.Release|x64.ActiveCfg = Release|x64
		{47733D08-6E3D-465E-8A05-3082A0FB4DEA}.Release|x64.Build.0 = Release|x64
		{47733D08-6E3D-465E-8A05-3082A0FB4DEA}.Release|x86.ActiveCfg = Release|Win32
		{47733D08-6E3D-465E-8A05-3082A0FB4DEA}.Release|x86.Build.0 = Release|Win32
		{2EF9D49A-D6B6-4CF1-B71D-0F5121DFDC27}.Debug|x64.ActiveCfg = Debug|x64
		{2EF9D49A-D6B6-4CF1-B71D-0F5121DFDC27}.Debug|x64.Build.0 = Debug|x64
		{2EF9D49A-D6B6-4CF1-B71D-0F5121DFDC27}.Debug|x86.ActiveCfg = Debug|Win32
		{2EF9D49A-D6B6-4CF1-B71D-0F5121DFDC27}.Debug|x86.Build.0 = Debug|Win32
		{2EF9D49A-D6B6-4CF1-B71D-0F5121DFDC27}.Release|x64.ActiveCfg = Release|x64
		{2EF9D49A-D6B6-4CF1-B71D-0F5121DFDC27}.Release|x64.Build.0 = Release|x64
		{2EF9D49A-D6B6-4CF1-B71D-0F5121DFDC27}.Release|x86.ActiveCfg = Release|Win32
		{2EF9D49A-D6B6-4CF1-B71D-0F5121DFDC27}.Release|x86.Build.0 = Release|Win32
	EndGlobalSection
	GlobalSection(SolutionProperties) = preSolution
		HideSolutionNode = FALSE
	EndGlobalSection
	GlobalSection(NestedProjects) = preSolution
		{2E2633E8-D733-4A6F-8BB3-84DD6F3C2FC8} = {02EA681E-C7D8-13C7-8484-4AC65E1B71E8}
		{748BFA80-2EF7-4FD1-963D-29A4D7C56E45} = {02EA681E-C7D8-13C7-8484-4AC65E1B71E8}
		{550EA308-5CEE-424A-BAF1-E2B15AF762F9} = {02EA681E-C7D8-13C7-8484-4AC65E1B71E8}
		{BDDCACD5-4121-4EA3-B25E-E91C760DD96F} = {B26D2996-CA78-4F45-95E9-3A3E98850CF1}
		{80D860D6-D429-4B8F-ABA1-76A94187B98F} = {B26D2996-CA78-4F45-95E9-3A3E98850CF1}
		{29C4B3EF-B2BF-4C4D-BBE8-AB052E9EFE32} = {B26D2996-CA78-4F45-95E9-3A3E98850CF1}
		{47733D08-6E3D-465E-8A05-3082A0FB4DEA} = {B5E72B39-7F8A-4DD7-9A35-7306C4DBFCBE}
		{2EF9D49A-D6B6-4CF1-B71D-0F5121DFDC27} = {B5E72B39-7F8A-4DD7-9A35-7306C4DBFCBE}
	EndGlobalSection
	GlobalSection(ExtensibilityGlobals) = postSolution
		SolutionGuid = {88B75ACA-3F53-461B-B08E-32133B852A9B}
	EndGlobalSection
EndGlobal
