
Microsoft Visual Studio Solution File, Format Version 12.00
# Visual Studio Version 17
VisualStudioVersion = 17.12.35707.178
MinimumVisualStudioVersion = 10.0.40219.1
Project("{8BC9CEB8-8B4A-11D0-8D11-00A0C91BC942}") = "practice01", "practice\practice01\practice01.vcxproj", "{777F8446-BCA9-484B-AECB-042DB9364D6E}"
EndProject
Project("{8BC9CEB8-8B4A-11D0-8D11-00A0C91BC942}") = "practice02", "practice\practice02\practice02.vcxproj", "{E46CE1E8-FE49-4BBB-A824-F95C89D29E3C}"
EndProject
Project("{8BC9CEB8-8B4A-11D0-8D11-00A0C91BC942}") = "practice03", "practice\practice03\practice03.vcxproj", "{0E4E90DF-304F-4ED8-A8B8-BD15D1C88D8D}"
EndProject
Project("{8BC9CEB8-8B4A-11D0-8D11-00A0C91BC942}") = "practice03_test", "tests\practice03_test\practice03_test.vcxproj", "{3B562808-4FF2-4F1B-A953-28F98A3F986B}"
EndProject
Project("{8BC9CEB8-8B4A-11D0-8D11-00A0C91BC942}") = "project01", "projects\project01\project01.vcxproj", "{9C0A1715-5EA2-4273-9DFF-68687DC854AF}"
EndProject
Project("{8BC9CEB8-8B4A-11D0-8D11-00A0C91BC942}") = "practice04_1a", "practice\practice04\practice04_1a\practice04_1a.vcxproj", "{2E2633E8-D733-4A6F-8BB3-84DD6F3C2FC8}"
EndProject
Project("{8BC9CEB8-8B4A-11D0-8D11-00A0C91BC942}") = "practice04_2a", "practice\practice04\practice04_2a\practice04_2a.vcxproj", "{748BFA80-2EF7-4FD1-963D-29A4D7C56E45}"
EndProject
Project("{8BC9CEB8-8B4A-11D0-8D11-00A0C91BC942}") = "practice04_3a", "practice\practice04\practice04_3a\practice04_3a.vcxproj", "{550EA308-5CEE-424A-BAF1-E2B15AF762F9}"
EndProject
Project("{2150E333-8FDC-42A3-9474-1A3956D46DE8}") = "practice04", "practice04", "{02EA681E-C7D8-13C7-8484-4AC65E1B71E8}"
EndProject
Global
	GlobalSection(SolutionConfigurationPlatforms) = preSolution
		Debug|x64 = Debug|x64
		Debug|x86 = Debug|x86
		Release|x64 = Release|x64
		Release|x86 = Release|x86
	EndGlobalSection
	GlobalSection(ProjectConfigurationPlatforms) = postSolution
		{777F8446-BCA9-484B-AECB-042DB9364D6E}.Debug|x64.ActiveCfg = Debug|x64
		{777F8446-BCA9-484B-AECB-042DB9364D6E}.Debug|x64.Build.0 = Debug|x64
		{777F8446-BCA9-484B-AECB-042DB9364D6E}.Debug|x86.ActiveCfg = Debug|Win32
		{777F8446-BCA9-484B-AECB-042DB9364D6E}.Debug|x86.Build.0 = Debug|Win32
		{777F8446-BCA9-484B-AECB-042DB9364D6E}.Release|x64.ActiveCfg = Release|x64
		{777F8446-BCA9-484B-AECB-042DB9364D6E}.Release|x64.Build.0 = Release|x64
		{777F8446-BCA9-484B-AECB-042DB9364D6E}.Release|x86.ActiveCfg = Release|Win32
		{777F8446-BCA9-484B-AECB-042DB9364D6E}.Release|x86.Build.0 = Release|Win32
		{E46CE1E8-FE49-4BBB-A824-F95C89D29E3C}.Debug|x64.ActiveCfg = Debug|x64
		{E46CE1E8-FE49-4BBB-A824-F95C89D29E3C}.Debug|x64.Build.0 = Debug|x64
		{E46CE1E8-FE49-4BBB-A824-F95C89D29E3C}.Debug|x86.ActiveCfg = Debug|Win32
		{E46CE1E8-FE49-4BBB-A824-F95C89D29E3C}.Debug|x86.Build.0 = Debug|Win32
		{E46CE1E8-FE49-4BBB-A824-F95C89D29E3C}.Release|x64.ActiveCfg = Release|x64
		{E46CE1E8-FE49-4BBB-A824-F95C89D29E3C}.Release|x64.Build.0 = Release|x64
		{E46CE1E8-FE49-4BBB-A824-F95C89D29E3C}.Release|x86.ActiveCfg = Release|Win32
		{E46CE1E8-FE49-4BBB-A824-F95C89D29E3C}.Release|x86.Build.0 = Release|Win32
		{0E4E90DF-304F-4ED8-A8B8-BD15D1C88D8D}.Debug|x64.ActiveCfg = Debug|x64
		{0E4E90DF-304F-4ED8-A8B8-BD15D1C88D8D}.Debug|x64.Build.0 = Debug|x64
		{0E4E90DF-304F-4ED8-A8B8-BD15D1C88D8D}.Debug|x86.ActiveCfg = Debug|Win32
		{0E4E90DF-304F-4ED8-A8B8-BD15D1C88D8D}.Debug|x86.Build.0 = Debug|Win32
		{0E4E90DF-304F-4ED8-A8B8-BD15D1C88D8D}.Release|x64.ActiveCfg = Release|x64
		{0E4E90DF-304F-4ED8-A8B8-BD15D1C88D8D}.Release|x64.Build.0 = Release|x64
		{0E4E90DF-304F-4ED8-A8B8-BD15D1C88D8D}.Release|x86.ActiveCfg = Release|Win32
		{0E4E90DF-304F-4ED8-A8B8-BD15D1C88D8D}.Release|x86.Build.0 = Release|Win32
		{3B562808-4FF2-4F1B-A953-28F98A3F986B}.Debug|x64.ActiveCfg = Debug|x64
		{3B562808-4FF2-4F1B-A953-28F98A3F986B}.Debug|x64.Build.0 = Debug|x64
		{3B562808-4FF2-4F1B-A953-28F98A3F986B}.Debug|x86.ActiveCfg = Debug|Win32
		{3B562808-4FF2-4F1B-A953-28F98A3F986B}.Debug|x86.Build.0 = Debug|Win32
		{3B562808-4FF2-4F1B-A953-28F98A3F986B}.Release|x64.ActiveCfg = Release|x64
		{3B562808-4FF2-4F1B-A953-28F98A3F986B}.Release|x64.Build.0 = Release|x64
		{3B562808-4FF2-4F1B-A953-28F98A3F986B}.Release|x86.ActiveCfg = Release|Win32
		{3B562808-4FF2-4F1B-A953-28F98A3F986B}.Release|x86.Build.0 = Release|Win32
		{9C0A1715-5EA2-4273-9DFF-68687DC854AF}.Debug|x64.ActiveCfg = Debug|x64
		{9C0A1715-5EA2-4273-9DFF-68687DC854AF}.Debug|x64.Build.0 = Debug|x64
		{9C0A1715-5EA2-4273-9DFF-68687DC854AF}.Debug|x86.ActiveCfg = Debug|Win32
		{9C0A1715-5EA2-4273-9DFF-68687DC854AF}.Debug|x86.Build.0 = Debug|Win32
		{9C0A1715-5EA2-4273-9DFF-68687DC854AF}.Release|x64.ActiveCfg = Release|x64
		{9C0A1715-5EA2-4273-9DFF-68687DC854AF}.Release|x64.Build.0 = Release|x64
		{9C0A1715-5EA2-4273-9DFF-68687DC854AF}.Release|x86.ActiveCfg = Release|Win32
		{9C0A1715-5EA2-4273-9DFF-68687DC854AF}.Release|x86.Build.0 = Release|Win32
		{2E2633E8-D733-4A6F-8BB3-84DD6F3C2FC8}.Debug|x64.ActiveCfg = Debug|x64
		{2E2633E8-D733-4A6F-8BB3-84DD6F3C2FC8}.Debug|x64.Build.0 = Debug|x64
		{2E2633E8-D733-4A6F-8BB3-84DD6F3C2FC8}.Debug|x86.ActiveCfg = Debug|Win32
		{2E2633E8-D733-4A6F-8BB3-84DD6F3C2FC8}.Debug|x86.Build.0 = Debug|Win32
		{2E2633E8-D733-4A6F-8BB3-84DD6F3C2FC8}.Release|x64.ActiveCfg = Release|x64
		{2E2633E8-D733-4A6F-8BB3-84DD6F3C2FC8}.Release|x64.Build.0 = Release|x64
		{2E2633E8-D733-4A6F-8BB3-84DD6F3C2FC8}.Release|x86.ActiveCfg = Release|Win32
		{2E2633E8-D733-4A6F-8BB3-84DD6F3C2FC8}.Release|x86.Build.0 = Release|Win32
		{748BFA80-2EF7-4FD1-963D-29A4D7C56E45}.Debug|x64.ActiveCfg = Debug|x64
		{748BFA80-2EF7-4FD1-963D-29A4D7C56E45}.Debug|x64.Build.0 = Debug|x64
		{748BFA80-2EF7-4FD1-963D-29A4D7C56E45}.Debug|x86.ActiveCfg = Debug|Win32
		{748BFA80-2EF7-4FD1-963D-29A4D7C56E45}.Debug|x86.Build.0 = Debug|Win32
		{748BFA80-2EF7-4FD1-963D-29A4D7C56E45}.Release|x64.ActiveCfg = Release|x64
		{748BFA80-2EF7-4FD1-963D-29A4D7C56E45}.Release|x64.Build.0 = Release|x64
		{748BFA80-2EF7-4FD1-963D-29A4D7C56E45}.Release|x86.ActiveCfg = Release|Win32
		{748BFA80-2EF7-4FD1-963D-29A4D7C56E45}.Release|x86.Build.0 = Release|Win32
		{550EA308-5CEE-424A-BAF1-E2B15AF762F9}.Debug|x64.ActiveCfg = Debug|x64
		{550EA308-5CEE-424A-BAF1-E2B15AF762F9}.Debug|x64.Build.0 = Debug|x64
		{550EA308-5CEE-424A-BAF1-E2B15AF762F9}.Debug|x86.ActiveCfg = Debug|Win32
		{550EA308-5CEE-424A-BAF1-E2B15AF762F9}.Debug|x86.Build.0 = Debug|Win32
		{550EA308-5CEE-424A-BAF1-E2B15AF762F9}.Release|x64.ActiveCfg = Release|x64
		{550EA308-5CEE-424A-BAF1-E2B15AF762F9}.Release|x64.Build.0 = Release|x64
		{550EA308-5CEE-424A-BAF1-E2B15AF762F9}.Release|x86.ActiveCfg = Release|Win32
		{550EA308-5CEE-424A-BAF1-E2B15AF762F9}.Release|x86.Build.0 = Release|Win32
	EndGlobalSection
	GlobalSection(SolutionProperties) = preSolution
		HideSolutionNode = FALSE
	EndGlobalSection
	GlobalSection(NestedProjects) = preSolution
		{2E2633E8-D733-4A6F-8BB3-84DD6F3C2FC8} = {02EA681E-C7D8-13C7-8484-4AC65E1B71E8}
		{748BFA80-2EF7-4FD1-963D-29A4D7C56E45} = {02EA681E-C7D8-13C7-8484-4AC65E1B71E8}
		{550EA308-5CEE-424A-BAF1-E2B15AF762F9} = {02EA681E-C7D8-13C7-8484-4AC65E1B71E8}
	EndGlobalSection
	GlobalSection(ExtensibilityGlobals) = postSolution
		SolutionGuid = {88B75ACA-3F53-461B-B08E-32133B852A9B}
	EndGlobalSection
EndGlobal
